
Microsoft Visual Studio Solution File, Format Version 12.00
# Visual Studio Version 17
VisualStudioVersion = 17.0.31903.59
MinimumVisualStudioVersion = 10.0.40219.1
Project("{FAE04EC0-301F-11D3-BF4B-00C04F79EFBC}") = "Blazor_In_Insiders", "Blazor_In_Insiders\Blazor_In_Insiders.csproj", "{2F23F351-07AA-4EA8-84BF-CE224BF83185}"
EndProject
Project("{FAE04EC0-301F-11D3-BF4B-00C04F79EFBC}") = "Blazor_In_Insiders.Tests", "Blazor_In_Insiders.Tests\Blazor_In_Insiders.Tests.csproj", "{21C72EAF-EA3A-41EA-9221-5FA3053C1E80}"
EndProject
Global
	GlobalSection(SolutionConfigurationPlatforms) = preSolution
		Debug|Any CPU = Debug|Any CPU
		Release|Any CPU = Release|Any CPU
	EndGlobalSection
	GlobalSection(SolutionProperties) = preSolution
		HideSolutionNode = FALSE
	EndGlobalSection
	GlobalSection(ProjectConfigurationPlatforms) = postSolution
		{2F23F351-07AA-4EA8-84BF-CE224BF83185}.Debug|Any CPU.ActiveCfg = Debug|Any CPU
		{2F23F351-07AA-4EA8-84BF-CE224BF83185}.Debug|Any CPU.Build.0 = Debug|Any CPU
		{2F23F351-07AA-4EA8-84BF-CE224BF83185}.Release|Any CPU.ActiveCfg = Release|Any CPU
		{2F23F351-07AA-4EA8-84BF-CE224BF83185}.Release|Any CPU.Build.0 = Release|Any CPU
		{21C72EAF-EA3A-41EA-9221-5FA3053C1E80}.Debug|Any CPU.ActiveCfg = Debug|Any CPU
		{21C72EAF-EA3A-41EA-9221-5FA3053C1E80}.Debug|Any CPU.Build.0 = Debug|Any CPU
		{21C72EAF-EA3A-41EA-9221-5FA3053C1E80}.Release|Any CPU.ActiveCfg = Release|Any CPU
		{21C72EAF-EA3A-41EA-9221-5FA3053C1E80}.Release|Any CPU.Build.0 = Release|Any CPU
	EndGlobalSection
EndGlobal
